// !$*UTF8*$!
{
	archiveVersion = 1;
	classes = {
	};
	objectVersion = 77;
	objects = {

/* Begin PBXBuildFile section */
		B2D2BFBC2D47DD5A00AC4614 /* AppDelegate.swift in Sources */ = {isa = PBXBuildFile; fileRef = B2D2BFB22D47DD5A00AC4614 /* AppDelegate.swift */; };
		B2D2BFBD2D47DD5A00AC4614 /* SceneDelegate.swift in Sources */ = {isa = PBXBuildFile; fileRef = B2D2BFB92D47DD5A00AC4614 /* SceneDelegate.swift */; };
		B2D2BFBE2D47DD5A00AC4614 /* ViewController.swift in Sources */ = {isa = PBXBuildFile; fileRef = B2D2BFBA2D47DD5A00AC4614 /* ViewController.swift */; };
		B2D2BFBF2D47DD5A00AC4614 /* Assets.xcassets in Resources */ = {isa = PBXBuildFile; fileRef = B2D2BFB32D47DD5A00AC4614 /* Assets.xcassets */; };
		B2D2BFC12D47DD5A00AC4614 /* LaunchScreen.storyboard in Resources */ = {isa = PBXBuildFile; fileRef = B2D2BFB62D47DD5A00AC4614 /* LaunchScreen.storyboard */; };
		B2D2BFC22D47DD5A00AC4614 /* Main.storyboard in Resources */ = {isa = PBXBuildFile; fileRef = B2D2BFB82D47DD5A00AC4614 /* Main.storyboard */; };
		B2D2BFC82D47E17400AC4614 /* ApiResponse.swift in Sources */ = {isa = PBXBuildFile; fileRef = B2D2BFC72D47E17400AC4614 /* ApiResponse.swift */; };
		B2D2BFCA2D47E27300AC4614 /* MooviesProvider.swift in Sources */ = {isa = PBXBuildFile; fileRef = B2D2BFC92D47E27300AC4614 /* MooviesProvider.swift */; };
		B2D2BFCD2D47E81200AC4614 /* MooviesTableViewCell.swift in Sources */ = {isa = PBXBuildFile; fileRef = B2D2BFCC2D47E81200AC4614 /* MooviesTableViewCell.swift */; };
		B2D2BFCF2D47F0C700AC4614 /* UIimageViewExtensions.swift in Sources */ = {isa = PBXBuildFile; fileRef = B2D2BFCE2D47F0C700AC4614 /* UIimageViewExtensions.swift */; };
		B2D2BFD12D47FA2700AC4614 /* DetailViewController.swift in Sources */ = {isa = PBXBuildFile; fileRef = B2D2BFD02D47FA2700AC4614 /* DetailViewController.swift */; };
/* End PBXBuildFile section */

/* Begin PBXFileReference section */
		B2D2BF982D47DCD000AC4614 /* FilmSearcher.app */ = {isa = PBXFileReference; explicitFileType = wrapper.application; includeInIndex = 0; path = FilmSearcher.app; sourceTree = BUILT_PRODUCTS_DIR; };
		B2D2BFB22D47DD5A00AC4614 /* AppDelegate.swift */ = {isa = PBXFileReference; lastKnownFileType = sourcecode.swift; path = AppDelegate.swift; sourceTree = "<group>"; };
		B2D2BFB32D47DD5A00AC4614 /* Assets.xcassets */ = {isa = PBXFileReference; lastKnownFileType = folder.assetcatalog; path = Assets.xcassets; sourceTree = "<group>"; };
		B2D2BFB42D47DD5A00AC4614 /* Info.plist */ = {isa = PBXFileReference; lastKnownFileType = text.plist.xml; path = Info.plist; sourceTree = "<group>"; };
		B2D2BFB52D47DD5A00AC4614 /* Base */ = {isa = PBXFileReference; lastKnownFileType = file.storyboard; name = Base; path = Base.lproj/LaunchScreen.storyboard; sourceTree = "<group>"; };
		B2D2BFB72D47DD5A00AC4614 /* Base */ = {isa = PBXFileReference; lastKnownFileType = file.storyboard; name = Base; path = Base.lproj/Main.storyboard; sourceTree = "<group>"; };
		B2D2BFB92D47DD5A00AC4614 /* SceneDelegate.swift */ = {isa = PBXFileReference; lastKnownFileType = sourcecode.swift; path = SceneDelegate.swift; sourceTree = "<group>"; };
		B2D2BFBA2D47DD5A00AC4614 /* ViewController.swift */ = {isa = PBXFileReference; lastKnownFileType = sourcecode.swift; path = ViewController.swift; sourceTree = "<group>"; };
		B2D2BFC72D47E17400AC4614 /* ApiResponse.swift */ = {isa = PBXFileReference; lastKnownFileType = sourcecode.swift; path = ApiResponse.swift; sourceTree = "<group>"; };
		B2D2BFC92D47E27300AC4614 /* MooviesProvider.swift */ = {isa = PBXFileReference; lastKnownFileType = sourcecode.swift; path = MooviesProvider.swift; sourceTree = "<group>"; };
		B2D2BFCC2D47E81200AC4614 /* MooviesTableViewCell.swift */ = {isa = PBXFileReference; lastKnownFileType = sourcecode.swift; path = MooviesTableViewCell.swift; sourceTree = "<group>"; };
		B2D2BFCE2D47F0C700AC4614 /* UIimageViewExtensions.swift */ = {isa = PBXFileReference; lastKnownFileType = sourcecode.swift; path = UIimageViewExtensions.swift; sourceTree = "<group>"; };
		B2D2BFD02D47FA2700AC4614 /* DetailViewController.swift */ = {isa = PBXFileReference; lastKnownFileType = sourcecode.swift; path = DetailViewController.swift; sourceTree = "<group>"; };
/* End PBXFileReference section */

/* Begin PBXFrameworksBuildPhase section */
		B2D2BF952D47DCD000AC4614 /* Frameworks */ = {
			isa = PBXFrameworksBuildPhase;
			buildActionMask = 2147483647;
			files = (
			);
			runOnlyForDeploymentPostprocessing = 0;
		};
/* End PBXFrameworksBuildPhase section */

/* Begin PBXGroup section */
		B2D2BF8F2D47DCD000AC4614 = {
			isa = PBXGroup;
			children = (
				B2D2BFBB2D47DD5A00AC4614 /* FilmSearcher */,
				B2D2BF992D47DCD000AC4614 /* Products */,
			);
			sourceTree = "<group>";
		};
		B2D2BF992D47DCD000AC4614 /* Products */ = {
			isa = PBXGroup;
			children = (
				B2D2BF982D47DCD000AC4614 /* FilmSearcher.app */,
			);
			name = Products;
			sourceTree = "<group>";
		};
		B2D2BFBB2D47DD5A00AC4614 /* FilmSearcher */ = {
			isa = PBXGroup;
			children = (
				B2D2BFCB2D47E7D100AC4614 /* ViewCells */,
				B2D2BFC62D47E14A00AC4614 /* Utils */,
				B2D2BFC32D47DD6100AC4614 /* ViewControllers */,
				B2D2BFB22D47DD5A00AC4614 /* AppDelegate.swift */,
				B2D2BFB32D47DD5A00AC4614 /* Assets.xcassets */,
				B2D2BFB42D47DD5A00AC4614 /* Info.plist */,
				B2D2BFB62D47DD5A00AC4614 /* LaunchScreen.storyboard */,
				B2D2BFB82D47DD5A00AC4614 /* Main.storyboard */,
				B2D2BFB92D47DD5A00AC4614 /* SceneDelegate.swift */,
			);
			path = FilmSearcher;
			sourceTree = "<group>";
		};
		B2D2BFC32D47DD6100AC4614 /* ViewControllers */ = {
			isa = PBXGroup;
			children = (
				B2D2BFBA2D47DD5A00AC4614 /* ViewController.swift */,
				B2D2BFD02D47FA2700AC4614 /* DetailViewController.swift */,
			);
			path = ViewControllers;
			sourceTree = "<group>";
		};
		B2D2BFC62D47E14A00AC4614 /* Utils */ = {
			isa = PBXGroup;
			children = (
				B2D2BFC72D47E17400AC4614 /* ApiResponse.swift */,
				B2D2BFC92D47E27300AC4614 /* MooviesProvider.swift */,
				B2D2BFCE2D47F0C700AC4614 /* UIimageViewExtensions.swift */,
			);
			path = Utils;
			sourceTree = "<group>";
		};
		B2D2BFCB2D47E7D100AC4614 /* ViewCells */ = {
			isa = PBXGroup;
			children = (
				B2D2BFCC2D47E81200AC4614 /* MooviesTableViewCell.swift */,
			);
			path = ViewCells;
			sourceTree = "<group>";
		};
/* End PBXGroup section */

/* Begin PBXNativeTarget section */
		B2D2BF972D47DCD000AC4614 /* FilmSearcher */ = {
			isa = PBXNativeTarget;
			buildConfigurationList = B2D2BFAB2D47DCD100AC4614 /* Build configuration list for PBXNativeTarget "FilmSearcher" */;
			buildPhases = (
				B2D2BF942D47DCD000AC4614 /* Sources */,
				B2D2BF952D47DCD000AC4614 /* Frameworks */,
				B2D2BF962D47DCD000AC4614 /* Resources */,
			);
			buildRules = (
			);
			dependencies = (
			);
			name = FilmSearcher;
			packageProductDependencies = (
			);
			productName = FilmSearcher;
			productReference = B2D2BF982D47DCD000AC4614 /* FilmSearcher.app */;
			productType = "com.apple.product-type.application";
		};
/* End PBXNativeTarget section */

/* Begin PBXProject section */
		B2D2BF902D47DCD000AC4614 /* Project object */ = {
			isa = PBXProject;
			attributes = {
				BuildIndependentTargetsInParallel = 1;
				LastSwiftUpdateCheck = 1610;
				LastUpgradeCheck = 1610;
				TargetAttributes = {
					B2D2BF972D47DCD000AC4614 = {
						CreatedOnToolsVersion = 16.1;
					};
				};
			};
			buildConfigurationList = B2D2BF932D47DCD000AC4614 /* Build configuration list for PBXProject "FilmSearcher" */;
			developmentRegion = en;
			hasScannedForEncodings = 0;
			knownRegions = (
				en,
				Base,
			);
			mainGroup = B2D2BF8F2D47DCD000AC4614;
			minimizedProjectReferenceProxies = 1;
			preferredProjectObjectVersion = 77;
			productRefGroup = B2D2BF992D47DCD000AC4614 /* Products */;
			projectDirPath = "";
			projectRoot = "";
			targets = (
				B2D2BF972D47DCD000AC4614 /* FilmSearcher */,
			);
		};
/* End PBXProject section */

/* Begin PBXResourcesBuildPhase section */
		B2D2BF962D47DCD000AC4614 /* Resources */ = {
			isa = PBXResourcesBuildPhase;
			buildActionMask = 2147483647;
			files = (
				B2D2BFBF2D47DD5A00AC4614 /* Assets.xcassets in Resources */,
				B2D2BFC12D47DD5A00AC4614 /* LaunchScreen.storyboard in Resources */,
				B2D2BFC22D47DD5A00AC4614 /* Main.storyboard in Resources */,
			);
			runOnlyForDeploymentPostprocessing = 0;
		};
/* End PBXResourcesBuildPhase section */

/* Begin PBXSourcesBuildPhase section */
		B2D2BF942D47DCD000AC4614 /* Sources */ = {
			isa = PBXSourcesBuildPhase;
			buildActionMask = 2147483647;
			files = (
				B2D2BFBC2D47DD5A00AC4614 /* AppDelegate.swift in Sources */,
				B2D2BFC82D47E17400AC4614 /* ApiResponse.swift in Sources */,
				B2D2BFCF2D47F0C700AC4614 /* UIimageViewExtensions.swift in Sources */,
				B2D2BFCD2D47E81200AC4614 /* MooviesTableViewCell.swift in Sources */,
				B2D2BFBD2D47DD5A00AC4614 /* SceneDelegate.swift in Sources */,
				B2D2BFCA2D47E27300AC4614 /* MooviesProvider.swift in Sources */,
				B2D2BFBE2D47DD5A00AC4614 /* ViewController.swift in Sources */,
				B2D2BFD12D47FA2700AC4614 /* DetailViewController.swift in Sources */,
			);
			runOnlyForDeploymentPostprocessing = 0;
		};
/* End PBXSourcesBuildPhase section */

/* Begin PBXVariantGroup section */
		B2D2BFB62D47DD5A00AC4614 /* LaunchScreen.storyboard */ = {
			isa = PBXVariantGroup;
			children = (
				B2D2BFB52D47DD5A00AC4614 /* Base */,
			);
			name = LaunchScreen.storyboard;
			sourceTree = "<group>";
		};
		B2D2BFB82D47DD5A00AC4614 /* Main.storyboard */ = {
			isa = PBXVariantGroup;
			children = (
				B2D2BFB72D47DD5A00AC4614 /* Base */,
			);
			name = Main.storyboard;
			sourceTree = "<group>";
		};
/* End PBXVariantGroup section */

/* Begin XCBuildConfiguration section */
		B2D2BFAC2D47DCD100AC4614 /* Debug */ = {
			isa = XCBuildConfiguration;
			buildSettings = {
				ASSETCATALOG_COMPILER_APPICON_NAME = AppIcon;
				ASSETCATALOG_COMPILER_GLOBAL_ACCENT_COLOR_NAME = AccentColor;
				CODE_SIGN_STYLE = Automatic;
				CURRENT_PROJECT_VERSION = 1;
				GENERATE_INFOPLIST_FILE = YES;
				INFOPLIST_FILE = FilmSearcher/Info.plist;
				INFOPLIST_KEY_UIApplicationSupportsIndirectInputEvents = YES;
				INFOPLIST_KEY_UILaunchStoryboardName = LaunchScreen;
				INFOPLIST_KEY_UIMainStoryboardFile = Main;
				INFOPLIST_KEY_UISupportedInterfaceOrientations_iPad = "UIInterfaceOrientationPortrait UIInterfaceOrientationPortraitUpsideDown UIInterfaceOrientationLandscapeLeft UIInterfaceOrientationLandscapeRight";
				INFOPLIST_KEY_UISupportedInterfaceOrientations_iPhone = "UIInterfaceOrientationPortrait UIInterfaceOrientationLandscapeLeft UIInterfaceOrientationLandscapeRight";
				LD_RUNPATH_SEARCH_PATHS = (
					"$(inherited)",
					"@executable_path/Frameworks",
				);
				MARKETING_VERSION = 1.0;
				PRODUCT_BUNDLE_IDENTIFIER = com.example.FilmSearcher;
				PRODUCT_NAME = "$(TARGET_NAME)";
				SWIFT_EMIT_LOC_STRINGS = YES;
				SWIFT_VERSION = 5.0;
				TARGETED_DEVICE_FAMILY = "1,2";
			};
			name = Debug;
		};
		B2D2BFAD2D47DCD100AC4614 /* Release */ = {
			isa = XCBuildConfiguration;
			buildSettings = {
				ASSETCATALOG_COMPILER_APPICON_NAME = AppIcon;
				ASSETCATALOG_COMPILER_GLOBAL_ACCENT_COLOR_NAME = AccentColor;
				CODE_SIGN_STYLE = Automatic;
				CURRENT_PROJECT_VERSION = 1;
				GENERATE_INFOPLIST_FILE = YES;
				INFOPLIST_FILE = FilmSearcher/Info.plist;
				INFOPLIST_KEY_UIApplicationSupportsIndirectInputEvents = YES;
				INFOPLIST_KEY_UILaunchStoryboardName = LaunchScreen;
				INFOPLIST_KEY_UIMainStoryboardFile = Main;
				INFOPLIST_KEY_UISupportedInterfaceOrientations_iPad = "UIInterfaceOrientationPortrait UIInterfaceOrientationPortraitUpsideDown UIInterfaceOrientationLandscapeLeft UIInterfaceOrientationLandscapeRight";
				INFOPLIST_KEY_UISupportedInterfaceOrientations_iPhone = "UIInterfaceOrientationPortrait UIInterfaceOrientationLandscapeLeft UIInterfaceOrientationLandscapeRight";
				LD_RUNPATH_SEARCH_PATHS = (
					"$(inherited)",
					"@executable_path/Frameworks",
				);
				MARKETING_VERSION = 1.0;
				PRODUCT_BUNDLE_IDENTIFIER = com.example.FilmSearcher;
				PRODUCT_NAME = "$(TARGET_NAME)";
				SWIFT_EMIT_LOC_STRINGS = YES;
				SWIFT_VERSION = 5.0;
				TARGETED_DEVICE_FAMILY = "1,2";
			};
			name = Release;
		};
		B2D2BFAE2D47DCD100AC4614 /* Debug */ = {
			isa = XCBuildConfiguration;
			buildSettings = {
				ALWAYS_SEARCH_USER_PATHS = NO;
				ASSETCATALOG_COMPILER_GENERATE_SWIFT_ASSET_SYMBOL_EXTENSIONS = YES;
				CLANG_ANALYZER_NONNULL = YES;
				CLANG_ANALYZER_NUMBER_OBJECT_CONVERSION = YES_AGGRESSIVE;
				CLANG_CXX_LANGUAGE_STANDARD = "gnu++20";
				CLANG_ENABLE_MODULES = YES;
				CLANG_ENABLE_OBJC_ARC = YES;
				CLANG_ENABLE_OBJC_WEAK = YES;
				CLANG_WARN_BLOCK_CAPTURE_AUTORELEASING = YES;
				CLANG_WARN_BOOL_CONVERSION = YES;
				CLANG_WARN_COMMA = YES;
				CLANG_WARN_CONSTANT_CONVERSION = YES;
				CLANG_WARN_DEPRECATED_OBJC_IMPLEMENTATIONS = YES;
				CLANG_WARN_DIRECT_OBJC_ISA_USAGE = YES_ERROR;
				CLANG_WARN_DOCUMENTATION_COMMENTS = YES;
				CLANG_WARN_EMPTY_BODY = YES;
				CLANG_WARN_ENUM_CONVERSION = YES;
				CLANG_WARN_INFINITE_RECURSION = YES;
				CLANG_WARN_INT_CONVERSION = YES;
				CLANG_WARN_NON_LITERAL_NULL_CONVERSION = YES;
				CLANG_WARN_OBJC_IMPLICIT_RETAIN_SELF = YES;
				CLANG_WARN_OBJC_LITERAL_CONVERSION = YES;
				CLANG_WARN_OBJC_ROOT_CLASS = YES_ERROR;
				CLANG_WARN_QUOTED_INCLUDE_IN_FRAMEWORK_HEADER = YES;
				CLANG_WARN_RANGE_LOOP_ANALYSIS = YES;
				CLANG_WARN_STRICT_PROTOTYPES = YES;
				CLANG_WARN_SUSPICIOUS_MOVE = YES;
				CLANG_WARN_UNGUARDED_AVAILABILITY = YES_AGGRESSIVE;
				CLANG_WARN_UNREACHABLE_CODE = YES;
				CLANG_WARN__DUPLICATE_METHOD_MATCH = YES;
				COPY_PHASE_STRIP = NO;
				DEBUG_INFORMATION_FORMAT = dwarf;
				ENABLE_STRICT_OBJC_MSGSEND = YES;
				ENABLE_TESTABILITY = YES;
				ENABLE_USER_SCRIPT_SANDBOXING = YES;
				GCC_C_LANGUAGE_STANDARD = gnu17;
				GCC_DYNAMIC_NO_PIC = NO;
				GCC_NO_COMMON_BLOCKS = YES;
				GCC_OPTIMIZATION_LEVEL = 0;
				GCC_PREPROCESSOR_DEFINITIONS = (
					"DEBUG=1",
					"$(inherited)",
				);
				GCC_WARN_64_TO_32_BIT_CONVERSION = YES;
				GCC_WARN_ABOUT_RETURN_TYPE = YES_ERROR;
				GCC_WARN_UNDECLARED_SELECTOR = YES;
				GCC_WARN_UNINITIALIZED_AUTOS = YES_AGGRESSIVE;
				GCC_WARN_UNUSED_FUNCTION = YES;
				GCC_WARN_UNUSED_VARIABLE = YES;
				IPHONEOS_DEPLOYMENT_TARGET = 18.1;
				LOCALIZATION_PREFERS_STRING_CATALOGS = YES;
				MTL_ENABLE_DEBUG_INFO = INCLUDE_SOURCE;
				MTL_FAST_MATH = YES;
				ONLY_ACTIVE_ARCH = YES;
				SDKROOT = iphoneos;
				SWIFT_ACTIVE_COMPILATION_CONDITIONS = "DEBUG $(inherited)";
				SWIFT_OPTIMIZATION_LEVEL = "-Onone";
			};
			name = Debug;
		};
		B2D2BFAF2D47DCD100AC4614 /* Release */ = {
			isa = XCBuildConfiguration;
			buildSettings = {
				ALWAYS_SEARCH_USER_PATHS = NO;
				ASSETCATALOG_COMPILER_GENERATE_SWIFT_ASSET_SYMBOL_EXTENSIONS = YES;
				CLANG_ANALYZER_NONNULL = YES;
				CLANG_ANALYZER_NUMBER_OBJECT_CONVERSION = YES_AGGRESSIVE;
				CLANG_CXX_LANGUAGE_STANDARD = "gnu++20";
				CLANG_ENABLE_MODULES = YES;
				CLANG_ENABLE_OBJC_ARC = YES;
				CLANG_ENABLE_OBJC_WEAK = YES;
				CLANG_WARN_BLOCK_CAPTURE_AUTORELEASING = YES;
				CLANG_WARN_BOOL_CONVERSION = YES;
				CLANG_WARN_COMMA = YES;
				CLANG_WARN_CONSTANT_CONVERSION = YES;
				CLANG_WARN_DEPRECATED_OBJC_IMPLEMENTATIONS = YES;
				CLANG_WARN_DIRECT_OBJC_ISA_USAGE = YES_ERROR;
				CLANG_WARN_DOCUMENTATION_COMMENTS = YES;
				CLANG_WARN_EMPTY_BODY = YES;
				CLANG_WARN_ENUM_CONVERSION = YES;
				CLANG_WARN_INFINITE_RECURSION = YES;
				CLANG_WARN_INT_CONVERSION = YES;
				CLANG_WARN_NON_LITERAL_NULL_CONVERSION = YES;
				CLANG_WARN_OBJC_IMPLICIT_RETAIN_SELF = YES;
				CLANG_WARN_OBJC_LITERAL_CONVERSION = YES;
				CLANG_WARN_OBJC_ROOT_CLASS = YES_ERROR;
				CLANG_WARN_QUOTED_INCLUDE_IN_FRAMEWORK_HEADER = YES;
				CLANG_WARN_RANGE_LOOP_ANALYSIS = YES;
				CLANG_WARN_STRICT_PROTOTYPES = YES;
				CLANG_WARN_SUSPICIOUS_MOVE = YES;
				CLANG_WARN_UNGUARDED_AVAILABILITY = YES_AGGRESSIVE;
				CLANG_WARN_UNREACHABLE_CODE = YES;
				CLANG_WARN__DUPLICATE_METHOD_MATCH = YES;
				COPY_PHASE_STRIP = NO;
				DEBUG_INFORMATION_FORMAT = "dwarf-with-dsym";
				ENABLE_NS_ASSERTIONS = NO;
				ENABLE_STRICT_OBJC_MSGSEND = YES;
				ENABLE_USER_SCRIPT_SANDBOXING = YES;
				GCC_C_LANGUAGE_STANDARD = gnu17;
				GCC_NO_COMMON_BLOCKS = YES;
				GCC_WARN_64_TO_32_BIT_CONVERSION = YES;
				GCC_WARN_ABOUT_RETURN_TYPE = YES_ERROR;
				GCC_WARN_UNDECLARED_SELECTOR = YES;
				GCC_WARN_UNINITIALIZED_AUTOS = YES_AGGRESSIVE;
				GCC_WARN_UNUSED_FUNCTION = YES;
				GCC_WARN_UNUSED_VARIABLE = YES;
				IPHONEOS_DEPLOYMENT_TARGET = 18.1;
				LOCALIZATION_PREFERS_STRING_CATALOGS = YES;
				MTL_ENABLE_DEBUG_INFO = NO;
				MTL_FAST_MATH = YES;
				SDKROOT = iphoneos;
				SWIFT_COMPILATION_MODE = wholemodule;
				VALIDATE_PRODUCT = YES;
			};
			name = Release;
		};
/* End XCBuildConfiguration section */

/* Begin XCConfigurationList section */
		B2D2BF932D47DCD000AC4614 /* Build configuration list for PBXProject "FilmSearcher" */ = {
			isa = XCConfigurationList;
			buildConfigurations = (
				B2D2BFAE2D47DCD100AC4614 /* Debug */,
				B2D2BFAF2D47DCD100AC4614 /* Release */,
			);
			defaultConfigurationIsVisible = 0;
			defaultConfigurationName = Release;
		};
		B2D2BFAB2D47DCD100AC4614 /* Build configuration list for PBXNativeTarget "FilmSearcher" */ = {
			isa = XCConfigurationList;
			buildConfigurations = (
				B2D2BFAC2D47DCD100AC4614 /* Debug */,
				B2D2BFAD2D47DCD100AC4614 /* Release */,
			);
			defaultConfigurationIsVisible = 0;
			defaultConfigurationName = Release;
		};
/* End XCConfigurationList section */
	};
	rootObject = B2D2BF902D47DCD000AC4614 /* Project object */;
}
